// !$*UTF8*$!
{
	archiveVersion = 1;
	classes = {
	};
	objectVersion = 46;
	objects = {

/* Begin PBXBuildFile section */
		6C25DFAD1E525D5A00C686B7 /* AppDelegate.swift in Sources */ = {isa = PBXBuildFile; fileRef = 6C25DFAC1E525D5A00C686B7 /* AppDelegate.swift */; };
		6C25DFAF1E525D5A00C686B7 /* ViewController.swift in Sources */ = {isa = PBXBuildFile; fileRef = 6C25DFAE1E525D5A00C686B7 /* ViewController.swift */; };
		6C25DFB21E525D5A00C686B7 /* Main.storyboard in Resources */ = {isa = PBXBuildFile; fileRef = 6C25DFB01E525D5A00C686B7 /* Main.storyboard */; };
		6C25DFB41E525D5A00C686B7 /* Assets.xcassets in Resources */ = {isa = PBXBuildFile; fileRef = 6C25DFB31E525D5A00C686B7 /* Assets.xcassets */; };
		6C25DFB71E525D5A00C686B7 /* LaunchScreen.storyboard in Resources */ = {isa = PBXBuildFile; fileRef = 6C25DFB51E525D5A00C686B7 /* LaunchScreen.storyboard */; };
/* End PBXBuildFile section */

/* Begin PBXFileReference section */
		6C25DFA91E525D5A00C686B7 /* iOSCalcApp.app */ = {isa = PBXFileReference; explicitFileType = wrapper.application; includeInIndex = 0; path = iOSCalcApp.app; sourceTree = BUILT_PRODUCTS_DIR; };
		6C25DFAC1E525D5A00C686B7 /* AppDelegate.swift */ = {isa = PBXFileReference; lastKnownFileType = sourcecode.swift; path = AppDelegate.swift; sourceTree = "<group>"; };
		6C25DFAE1E525D5A00C686B7 /* ViewController.swift */ = {isa = PBXFileReference; lastKnownFileType = sourcecode.swift; path = ViewController.swift; sourceTree = "<group>"; };
		6C25DFB11E525D5A00C686B7 /* Base */ = {isa = PBXFileReference; lastKnownFileType = file.storyboard; name = Base; path = Base.lproj/Main.storyboard; sourceTree = "<group>"; };
		6C25DFB31E525D5A00C686B7 /* Assets.xcassets */ = {isa = PBXFileReference; lastKnownFileType = folder.assetcatalog; path = Assets.xcassets; sourceTree = "<group>"; };
		6C25DFB61E525D5A00C686B7 /* Base */ = {isa = PBXFileReference; lastKnownFileType = file.storyboard; name = Base; path = Base.lproj/LaunchScreen.storyboard; sourceTree = "<group>"; };
		6C25DFB81E525D5A00C686B7 /* Info.plist */ = {isa = PBXFileReference; lastKnownFileType = text.plist.xml; path = Info.plist; sourceTree = "<group>"; };
/* End PBXFileReference section */

/* Begin PBXFrameworksBuildPhase section */
		6C25DFA61E525D5A00C686B7 /* Frameworks */ = {
			isa = PBXFrameworksBuildPhase;
			buildActionMask = 2147483647;
			files = (
			);
			runOnlyForDeploymentPostprocessing = 0;
		};
/* End PBXFrameworksBuildPhase section */

/* Begin PBXGroup section */
		6C25DFA01E525D5A00C686B7 = {
			isa = PBXGroup;
			children = (
				6C25DFAB1E525D5A00C686B7 /* iOSCalcApp */,
				6C25DFAA1E525D5A00C686B7 /* Products */,
			);
			sourceTree = "<group>";
		};
		6C25DFAA1E525D5A00C686B7 /* Products */ = {
			isa = PBXGroup;
			children = (
				6C25DFA91E525D5A00C686B7 /* iOSCalcApp.app */,
			);
			name = Products;
			sourceTree = "<group>";
		};
		6C25DFAB1E525D5A00C686B7 /* iOSCalcApp */ = {
			isa = PBXGroup;
			children = (
				6C25DFAC1E525D5A00C686B7 /* AppDelegate.swift */,
				6C25DFAE1E525D5A00C686B7 /* ViewController.swift */,
				6C25DFB01E525D5A00C686B7 /* Main.storyboard */,
				6C25DFB31E525D5A00C686B7 /* Assets.xcassets */,
				6C25DFB51E525D5A00C686B7 /* LaunchScreen.storyboard */,
				6C25DFB81E525D5A00C686B7 /* Info.plist */,
			);
			path = iOSCalcApp;
			sourceTree = "<group>";
		};
/* End PBXGroup section */

/* Begin PBXNativeTarget section */
		6C25DFA81E525D5A00C686B7 /* iOSCalcApp */ = {
			isa = PBXNativeTarget;
			buildConfigurationList = 6C25DFBB1E525D5A00C686B7 /* Build configuration list for PBXNativeTarget "iOSCalcApp" */;
			buildPhases = (
				6C25DFA51E525D5A00C686B7 /* Sources */,
				6C25DFA61E525D5A00C686B7 /* Frameworks */,
				6C25DFA71E525D5A00C686B7 /* Resources */,
			);
			buildRules = (
			);
			dependencies = (
			);
			name = iOSCalcApp;
			productName = iOSCalcApp;
			productReference = 6C25DFA91E525D5A00C686B7 /* iOSCalcApp.app */;
			productType = "com.apple.product-type.application";
		};
/* End PBXNativeTarget section */

/* Begin PBXProject section */
		6C25DFA11E525D5A00C686B7 /* Project object */ = {
			isa = PBXProject;
			attributes = {
				LastSwiftUpdateCheck = 0820;
				LastUpgradeCheck = 0820;
				ORGANIZATIONNAME = "Mattia Picariello";
				TargetAttributes = {
					6C25DFA81E525D5A00C686B7 = {
						CreatedOnToolsVersion = 8.2.1;
						DevelopmentTeam = Y4JZNHFCU9;
						ProvisioningStyle = Automatic;
					};
				};
			};
			buildConfigurationList = 6C25DFA41E525D5A00C686B7 /* Build configuration list for PBXProject "iOSCalcApp" */;
			compatibilityVersion = "Xcode 3.2";
			developmentRegion = English;
			hasScannedForEncodings = 0;
			knownRegions = (
				en,
				Base,
			);
			mainGroup = 6C25DFA01E525D5A00C686B7;
			productRefGroup = 6C25DFAA1E525D5A00C686B7 /* Products */;
			projectDirPath = "";
			projectRoot = "";
			targets = (
				6C25DFA81E525D5A00C686B7 /* iOSCalcApp */,
			);
		};
/* End PBXProject section */

/* Begin PBXResourcesBuildPhase section */
		6C25DFA71E525D5A00C686B7 /* Resources */ = {
			isa = PBXResourcesBuildPhase;
			buildActionMask = 2147483647;
			files = (
				6C25DFB71E525D5A00C686B7 /* LaunchScreen.storyboard in Resources */,
				6C25DFB41E525D5A00C686B7 /* Assets.xcassets in Resources */,
				6C25DFB21E525D5A00C686B7 /* Main.storyboard in Resources */,
			);
			runOnlyForDeploymentPostprocessing = 0;
		};
/* End PBXResourcesBuildPhase section */

/* Begin PBXSourcesBuildPhase section */
		6C25DFA51E525D5A00C686B7 /* Sources */ = {
			isa = PBXSourcesBuildPhase;
			buildActionMask = 2147483647;
			files = (
				6C25DFAF1E525D5A00C686B7 /* ViewController.swift in Sources */,
				6C25DFAD1E525D5A00C686B7 /* AppDelegate.swift in Sources */,
			);
			runOnlyForDeploymentPostprocessing = 0;
		};
/* End PBXSourcesBuildPhase section */

/* Begin PBXVariantGroup section */
		6C25DFB01E525D5A00C686B7 /* Main.storyboard */ = {
			isa = PBXVariantGroup;
			children = (
				6C25DFB11E525D5A00C686B7 /* Base */,
			);
			name = Main.storyboard;
			sourceTree = "<group>";
		};
		6C25DFB51E525D5A00C686B7 /* LaunchScreen.storyboard */ = {
			isa = PBXVariantGroup;
			children = (
				6C25DFB61E525D5A00C686B7 /* Base */,
			);
			name = LaunchScreen.storyboard;
			sourceTree = "<group>";
		};
/* End PBXVariantGroup section */

/* Begin XCBuildConfiguration section */
		6C25DFB91E525D5A00C686B7 /* Debug */ = {
			isa = XCBuildConfiguration;
			buildSettings = {
				ALWAYS_SEARCH_USER_PATHS = NO;
				CLANG_ANALYZER_NONNULL = YES;
				CLANG_CXX_LANGUAGE_STANDARD = "gnu++0x";
				CLANG_CXX_LIBRARY = "libc++";
				CLANG_ENABLE_MODULES = YES;
				CLANG_ENABLE_OBJC_ARC = YES;
				CLANG_WARN_BOOL_CONVERSION = YES;
				CLANG_WARN_CONSTANT_CONVERSION = YES;
				CLANG_WARN_DIRECT_OBJC_ISA_USAGE = YES_ERROR;
				CLANG_WARN_DOCUMENTATION_COMMENTS = YES;
				CLANG_WARN_EMPTY_BODY = YES;
				CLANG_WARN_ENUM_CONVERSION = YES;
				CLANG_WARN_INFINITE_RECURSION = YES;
				CLANG_WARN_INT_CONVERSION = YES;
				CLANG_WARN_OBJC_ROOT_CLASS = YES_ERROR;
				CLANG_WARN_SUSPICIOUS_MOVE = YES;
				CLANG_WARN_UNREACHABLE_CODE = YES;
				CLANG_WARN__DUPLICATE_METHOD_MATCH = YES;
				"CODE_SIGN_IDENTITY[sdk=iphoneos*]" = "iPhone Developer";
				COPY_PHASE_STRIP = NO;
				DEBUG_INFORMATION_FORMAT = dwarf;
				ENABLE_STRICT_OBJC_MSGSEND = YES;
				ENABLE_TESTABILITY = YES;
				GCC_C_LANGUAGE_STANDARD = gnu99;
				GCC_DYNAMIC_NO_PIC = NO;
				GCC_NO_COMMON_BLOCKS = YES;
				GCC_OPTIMIZATION_LEVEL = 0;
				GCC_PREPROCESSOR_DEFINITIONS = (
					"DEBUG=1",
					"$(inherited)",
				);
				GCC_WARN_64_TO_32_BIT_CONVERSION = YES;
				GCC_WARN_ABOUT_RETURN_TYPE = YES_ERROR;
				GCC_WARN_UNDECLARED_SELECTOR = YES;
				GCC_WARN_UNINITIALIZED_AUTOS = YES_AGGRESSIVE;
				GCC_WARN_UNUSED_FUNCTION = YES;
				GCC_WARN_UNUSED_VARIABLE = YES;
				IPHONEOS_DEPLOYMENT_TARGET = 10.2;
				MTL_ENABLE_DEBUG_INFO = YES;
				ONLY_ACTIVE_ARCH = YES;
				SDKROOT = iphoneos;
				SWIFT_ACTIVE_COMPILATION_CONDITIONS = DEBUG;
				SWIFT_OPTIMIZATION_LEVEL = "-Onone";
			};
			name = Debug;
		};
		6C25DFBA1E525D5A00C686B7 /* Release */ = {
			isa = XCBuildConfiguration;
			buildSettings = {
				ALWAYS_SEARCH_USER_PATHS = NO;
				CLANG_ANALYZER_NONNULL = YES;
				CLANG_CXX_LANGUAGE_STANDARD = "gnu++0x";
				CLANG_CXX_LIBRARY = "libc++";
				CLANG_ENABLE_MODULES = YES;
				CLANG_ENABLE_OBJC_ARC = YES;
				CLANG_WARN_BOOL_CONVERSION = YES;
				CLANG_WARN_CONSTANT_CONVERSION = YES;
				CLANG_WARN_DIRECT_OBJC_ISA_USAGE = YES_ERROR;
				CLANG_WARN_DOCUMENTATION_COMMENTS = YES;
				CLANG_WARN_EMPTY_BODY = YES;
				CLANG_WARN_ENUM_CONVERSION = YES;
				CLANG_WARN_INFINITE_RECURSION = YES;
				CLANG_WARN_INT_CONVERSION = YES;
				CLANG_WARN_OBJC_ROOT_CLASS = YES_ERROR;
				CLANG_WARN_SUSPICIOUS_MOVE = YES;
				CLANG_WARN_UNREACHABLE_CODE = YES;
				CLANG_WARN__DUPLICATE_METHOD_MATCH = YES;
				"CODE_SIGN_IDENTITY[sdk=iphoneos*]" = "iPhone Developer";
				COPY_PHASE_STRIP = NO;
				DEBUG_INFORMATION_FORMAT = "dwarf-with-dsym";
				ENABLE_NS_ASSERTIONS = NO;
				ENABLE_STRICT_OBJC_MSGSEND = YES;
				GCC_C_LANGUAGE_STANDARD = gnu99;
				GCC_NO_COMMON_BLOCKS = YES;
				GCC_WARN_64_TO_32_BIT_CONVERSION = YES;
				GCC_WARN_ABOUT_RETURN_TYPE = YES_ERROR;
				GCC_WARN_UNDECLARED_SELECTOR = YES;
				GCC_WARN_UNINITIALIZED_AUTOS = YES_AGGRESSIVE;
				GCC_WARN_UNUSED_FUNCTION = YES;
				GCC_WARN_UNUSED_VARIABLE = YES;
				IPHONEOS_DEPLOYMENT_TARGET = 10.2;
				MTL_ENABLE_DEBUG_INFO = NO;
				SDKROOT = iphoneos;
				SWIFT_OPTIMIZATION_LEVEL = "-Owholemodule";
				VALIDATE_PRODUCT = YES;
			};
			name = Release;
		};
		6C25DFBC1E525D5A00C686B7 /* Debug */ = {
			isa = XCBuildConfiguration;
			buildSettings = {
				ASSETCATALOG_COMPILER_APPICON_NAME = AppIcon;
				DEVELOPMENT_TEAM = Y4JZNHFCU9;
				INFOPLIST_FILE = iOSCalcApp/Info.plist;
				LD_RUNPATH_SEARCH_PATHS = "$(inherited) @executable_path/Frameworks";
				PRODUCT_BUNDLE_IDENTIFIER = it.mattiapicariello.iOSCalcApp;
				PRODUCT_NAME = "$(TARGET_NAME)";
				SWIFT_VERSION = 3.0;
			};
			name = Debug;
		};
		6C25DFBD1E525D5A00C686B7 /* Release */ = {
			isa = XCBuildConfiguration;
			buildSettings = {
				ASSETCATALOG_COMPILER_APPICON_NAME = AppIcon;
				DEVELOPMENT_TEAM = Y4JZNHFCU9;
				INFOPLIST_FILE = iOSCalcApp/Info.plist;
				LD_RUNPATH_SEARCH_PATHS = "$(inherited) @executable_path/Frameworks";
				PRODUCT_BUNDLE_IDENTIFIER = it.mattiapicariello.iOSCalcApp;
				PRODUCT_NAME = "$(TARGET_NAME)";
				SWIFT_VERSION = 3.0;
			};
			name = Release;
		};
/* End XCBuildConfiguration section */

/* Begin XCConfigurationList section */
		6C25DFA41E525D5A00C686B7 /* Build configuration list for PBXProject "iOSCalcApp" */ = {
			isa = XCConfigurationList;
			buildConfigurations = (
				6C25DFB91E525D5A00C686B7 /* Debug */,
				6C25DFBA1E525D5A00C686B7 /* Release */,
			);
			defaultConfigurationIsVisible = 0;
			defaultConfigurationName = Release;
		};
		6C25DFBB1E525D5A00C686B7 /* Build configuration list for PBXNativeTarget "iOSCalcApp" */ = {
			isa = XCConfigurationList;
			buildConfigurations = (
				6C25DFBC1E525D5A00C686B7 /* Debug */,
				6C25DFBD1E525D5A00C686B7 /* Release */,
			);
			defaultConfigurationIsVisible = 0;
		};
/* End XCConfigurationList section */
	};
	rootObject = 6C25DFA11E525D5A00C686B7 /* Project object */;
}
